
Microsoft Visual Studio Solution File, Format Version 12.00
# Visual Studio Version 16
VisualStudioVersion = 16.0.810.9
MinimumVisualStudioVersion = 10.0.40219.1
Project("{FAE04EC0-301F-11D3-BF4B-00C04F79EFBC}") = "MyFirstMobileApp.iOS", "MyFirstMobileApp.iOS\MyFirstMobileApp.iOS.csproj", "{50C8A499-AA98-4F7D-8F78-D239CE702CE2}"
EndProject
Project("{FAE04EC0-301F-11D3-BF4B-00C04F79EFBC}") = "MyFirstMobileApp", "MyFirstMobileApp\MyFirstMobileApp.csproj", "{68297FC1-8763-4326-A8BB-71A3EB49EACC}"
EndProject
Project("{FAE04EC0-301F-11D3-BF4B-00C04F79EFBC}") = "MyFirstMobileApp.Android", "MyFirstMobileApp.Android\MyFirstMobileApp.Android.csproj", "{A9099A30-FC6B-4845-928F-154AB0FB1BC4}"
EndProject
Global
	GlobalSection(SolutionConfigurationPlatforms) = preSolution
		Debug|Any CPU = Debug|Any CPU
		Release|Any CPU = Release|Any CPU
		Debug|iPhoneSimulator = Debug|iPhoneSimulator
		Release|iPhoneSimulator = Release|iPhoneSimulator
		Debug|iPhone = Debug|iPhone
		Release|iPhone = Release|iPhone
	EndGlobalSection
	GlobalSection(ProjectConfigurationPlatforms) = postSolution
		{50C8A499-AA98-4F7D-8F78-D239CE702CE2}.Debug|Any CPU.ActiveCfg = Debug|iPhoneSimulator
		{50C8A499-AA98-4F7D-8F78-D239CE702CE2}.Debug|Any CPU.Build.0 = Debug|iPhoneSimulator
		{50C8A499-AA98-4F7D-8F78-D239CE702CE2}.Release|Any CPU.ActiveCfg = Release|iPhoneSimulator
		{50C8A499-AA98-4F7D-8F78-D239CE702CE2}.Release|Any CPU.Build.0 = Release|iPhoneSimulator
		{50C8A499-AA98-4F7D-8F78-D239CE702CE2}.Debug|iPhoneSimulator.ActiveCfg = Debug|iPhoneSimulator
		{50C8A499-AA98-4F7D-8F78-D239CE702CE2}.Debug|iPhoneSimulator.Build.0 = Debug|iPhoneSimulator
		{50C8A499-AA98-4F7D-8F78-D239CE702CE2}.Release|iPhoneSimulator.ActiveCfg = Release|iPhoneSimulator
		{50C8A499-AA98-4F7D-8F78-D239CE702CE2}.Release|iPhoneSimulator.Build.0 = Release|iPhoneSimulator
		{50C8A499-AA98-4F7D-8F78-D239CE702CE2}.Debug|iPhone.ActiveCfg = Debug|iPhone
		{50C8A499-AA98-4F7D-8F78-D239CE702CE2}.Debug|iPhone.Build.0 = Debug|iPhone
		{50C8A499-AA98-4F7D-8F78-D239CE702CE2}.Release|iPhone.ActiveCfg = Release|iPhone
		{50C8A499-AA98-4F7D-8F78-D239CE702CE2}.Release|iPhone.Build.0 = Release|iPhone
		{68297FC1-8763-4326-A8BB-71A3EB49EACC}.Debug|Any CPU.ActiveCfg = Debug|Any CPU
		{68297FC1-8763-4326-A8BB-71A3EB49EACC}.Debug|Any CPU.Build.0 = Debug|Any CPU
		{68297FC1-8763-4326-A8BB-71A3EB49EACC}.Release|Any CPU.ActiveCfg = Release|Any CPU
		{68297FC1-8763-4326-A8BB-71A3EB49EACC}.Release|Any CPU.Build.0 = Release|Any CPU
		{68297FC1-8763-4326-A8BB-71A3EB49EACC}.Debug|iPhoneSimulator.ActiveCfg = Debug|Any CPU
		{68297FC1-8763-4326-A8BB-71A3EB49EACC}.Debug|iPhoneSimulator.Build.0 = Debug|Any CPU
		{68297FC1-8763-4326-A8BB-71A3EB49EACC}.Release|iPhoneSimulator.ActiveCfg = Release|Any CPU
		{68297FC1-8763-4326-A8BB-71A3EB49EACC}.Release|iPhoneSimulator.Build.0 = Release|Any CPU
		{68297FC1-8763-4326-A8BB-71A3EB49EACC}.Debug|iPhone.ActiveCfg = Debug|Any CPU
		{68297FC1-8763-4326-A8BB-71A3EB49EACC}.Debug|iPhone.Build.0 = Debug|Any CPU
		{68297FC1-8763-4326-A8BB-71A3EB49EACC}.Release|iPhone.ActiveCfg = Release|Any CPU
		{68297FC1-8763-4326-A8BB-71A3EB49EACC}.Release|iPhone.Build.0 = Release|Any CPU
		{A9099A30-FC6B-4845-928F-154AB0FB1BC4}.Debug|Any CPU.ActiveCfg = Debug|Any CPU
		{A9099A30-FC6B-4845-928F-154AB0FB1BC4}.Debug|Any CPU.Build.0 = Debug|Any CPU
		{A9099A30-FC6B-4845-928F-154AB0FB1BC4}.Release|Any CPU.ActiveCfg = Release|Any CPU
		{A9099A30-FC6B-4845-928F-154AB0FB1BC4}.Release|Any CPU.Build.0 = Release|Any CPU
		{A9099A30-FC6B-4845-928F-154AB0FB1BC4}.Debug|iPhoneSimulator.ActiveCfg = Debug|Any CPU
		{A9099A30-FC6B-4845-928F-154AB0FB1BC4}.Debug|iPhoneSimulator.Build.0 = Debug|Any CPU
		{A9099A30-FC6B-4845-928F-154AB0FB1BC4}.Release|iPhoneSimulator.ActiveCfg = Release|Any CPU
		{A9099A30-FC6B-4845-928F-154AB0FB1BC4}.Release|iPhoneSimulator.Build.0 = Release|Any CPU
		{A9099A30-FC6B-4845-928F-154AB0FB1BC4}.Debug|iPhone.ActiveCfg = Debug|Any CPU
		{A9099A30-FC6B-4845-928F-154AB0FB1BC4}.Debug|iPhone.Build.0 = Debug|Any CPU
		{A9099A30-FC6B-4845-928F-154AB0FB1BC4}.Release|iPhone.ActiveCfg = Release|Any CPU
		{A9099A30-FC6B-4845-928F-154AB0FB1BC4}.Release|iPhone.Build.0 = Release|Any CPU
	EndGlobalSection
	GlobalSection(SolutionProperties) = preSolution
		HideSolutionNode = FALSE
	EndGlobalSection
	GlobalSection(ExtensibilityGlobals) = postSolution
		SolutionGuid = {3733F59C-0E1E-43F4-A6B4-424E490DA58D}
	EndGlobalSection
EndGlobal
